
Microsoft Visual Studio Solution File, Format Version 12.00
# Visual Studio Version 16
VisualStudioVersion = 16.0.29424.173
MinimumVisualStudioVersion = 10.0.40219.1
Project("{FAE04EC0-301F-11D3-BF4B-00C04F79EFBC}") = "RockbarForEDCB", "RockbarForEDCB.csproj", "{1C46C635-5D85-4B8E-A0D1-7774F08EA2C7}"
EndProject
Project("{2150E333-8FDC-42A3-9474-1A3956D46DE8}") = "Solution Items", "Solution Items", "{538C6F02-9C90-4A71-99B5-090CD1051ECD}"
	ProjectSection(SolutionItems) = preProject
		CtrlCmd.cs = CtrlCmd.cs
		CtrlCmdDef.cs = CtrlCmdDef.cs
		DefineEnum.cs = DefineEnum.cs
	EndProjectSection
EndProject
Global
	GlobalSection(SolutionConfigurationPlatforms) = preSolution
		Debug|Any CPU = Debug|Any CPU
		Release|Any CPU = Release|Any CPU
	EndGlobalSection
	GlobalSection(ProjectConfigurationPlatforms) = postSolution
		{1C46C635-5D85-4B8E-A0D1-7774F08EA2C7}.Debug|Any CPU.ActiveCfg = Debug|Any CPU
		{1C46C635-5D85-4B8E-A0D1-7774F08EA2C7}.Debug|Any CPU.Build.0 = Debug|Any CPU
		{1C46C635-5D85-4B8E-A0D1-7774F08EA2C7}.Release|Any CPU.ActiveCfg = Release|Any CPU
		{1C46C635-5D85-4B8E-A0D1-7774F08EA2C7}.Release|Any CPU.Build.0 = Release|Any CPU
	EndGlobalSection
	GlobalSection(SolutionProperties) = preSolution
		HideSolutionNode = FALSE
	EndGlobalSection
	GlobalSection(ExtensibilityGlobals) = postSolution
		SolutionGuid = {DA692C27-2E75-4221-8540-9E7DC4190F51}
	EndGlobalSection
EndGlobal
